
Microsoft Visual Studio Solution File, Format Version 12.00
# Visual Studio Version 17
VisualStudioVersion = 17.3.32922.545
MinimumVisualStudioVersion = 10.0.40219.1
Project("{FAE04EC0-301F-11D3-BF4B-00C04F79EFBC}") = "ImageCollector", "ImageCollector\ImageCollector.csproj", "{119A3BB6-3A99-4A06-A5EA-5CAED5B6E722}"
EndProject
Global
	GlobalSection(SolutionConfigurationPlatforms) = preSolution
		Debug|Any CPU = Debug|Any CPU
		Release|Any CPU = Release|Any CPU
	EndGlobalSection
	GlobalSection(ProjectConfigurationPlatforms) = postSolution
		{119A3BB6-3A99-4A06-A5EA-5CAED5B6E722}.Debug|Any CPU.ActiveCfg = Debug|Any CPU
		{119A3BB6-3A99-4A06-A5EA-5CAED5B6E722}.Debug|Any CPU.Build.0 = Debug|Any CPU
		{119A3BB6-3A99-4A06-A5EA-5CAED5B6E722}.Release|Any CPU.ActiveCfg = Release|Any CPU
		{119A3BB6-3A99-4A06-A5EA-5CAED5B6E722}.Release|Any CPU.Build.0 = Release|Any CPU
	EndGlobalSection
	GlobalSection(SolutionProperties) = preSolution
		HideSolutionNode = FALSE
	EndGlobalSection
	GlobalSection(ExtensibilityGlobals) = postSolution
		SolutionGuid = {CC92AB5D-F68A-45D6-9D07-BC3B1196ADDC}
	EndGlobalSection
EndGlobal
